
Microsoft Visual Studio Solution File, Format Version 12.00
# Visual Studio Version 17
VisualStudioVersion = 17.13.35818.85
MinimumVisualStudioVersion = 10.0.40219.1
Project("{FAE04EC0-301F-11D3-BF4B-00C04F79EFBC}") = "BlogApp.Common", "BlogApp.Common\BlogApp.Common.csproj", "{A019E680-E50B-9C29-FBA9-2708923FE782}"
EndProject
Project("{FAE04EC0-301F-11D3-BF4B-00C04F79EFBC}") = "BlogApp.AuthenticationApi", "BlogApp.AuthenticationApi\BlogApp.AuthenticationApi.csproj", "{190CA556-DD7D-458B-909A-6BF0A1E2BE16}"
EndProject
Project("{FAE04EC0-301F-11D3-BF4B-00C04F79EFBC}") = "BlogApp.FileApi", "BlogApp.FileApi\BlogApp.FileApi.csproj", "{06A01FD4-7B7D-4C28-AAE0-159FC17E5788}"
EndProject
Project("{FAE04EC0-301F-11D3-BF4B-00C04F79EFBC}") = "BlogApp.DataApi", "BlogApp.DataApi\BlogApp.DataApi.csproj", "{8148A8BB-ABE0-4CA8-A5FE-11633DA99621}"
EndProject
Project("{FAE04EC0-301F-11D3-BF4B-00C04F79EFBC}") = "BlogApp.ControlPanel", "BlogApp.ControlPanel\BlogApp.ControlPanel.csproj", "{604C930C-EE25-4A51-BD1C-6E3EF4E19930}"
EndProject
Project("{FAE04EC0-301F-11D3-BF4B-00C04F79EFBC}") = "BlogApp.PortfolioWebsite", "BlogApp.PortfolioWebsite\BlogApp.PortfolioWebsite.csproj", "{6BD402D4-E8A1-47F8-A5E1-4E5816514DA5}"
EndProject
Global
	GlobalSection(SolutionConfigurationPlatforms) = preSolution
		Debug|Any CPU = Debug|Any CPU
		Release|Any CPU = Release|Any CPU
	EndGlobalSection
	GlobalSection(ProjectConfigurationPlatforms) = postSolution
		{A019E680-E50B-9C29-FBA9-2708923FE782}.Debug|Any CPU.ActiveCfg = Debug|Any CPU
		{A019E680-E50B-9C29-FBA9-2708923FE782}.Debug|Any CPU.Build.0 = Debug|Any CPU
		{A019E680-E50B-9C29-FBA9-2708923FE782}.Release|Any CPU.ActiveCfg = Release|Any CPU
		{A019E680-E50B-9C29-FBA9-2708923FE782}.Release|Any CPU.Build.0 = Release|Any CPU
		{190CA556-DD7D-458B-909A-6BF0A1E2BE16}.Debug|Any CPU.ActiveCfg = Debug|Any CPU
		{190CA556-DD7D-458B-909A-6BF0A1E2BE16}.Debug|Any CPU.Build.0 = Debug|Any CPU
		{190CA556-DD7D-458B-909A-6BF0A1E2BE16}.Release|Any CPU.ActiveCfg = Release|Any CPU
		{190CA556-DD7D-458B-909A-6BF0A1E2BE16}.Release|Any CPU.Build.0 = Release|Any CPU
		{06A01FD4-7B7D-4C28-AAE0-159FC17E5788}.Debug|Any CPU.ActiveCfg = Debug|Any CPU
		{06A01FD4-7B7D-4C28-AAE0-159FC17E5788}.Debug|Any CPU.Build.0 = Debug|Any CPU
		{06A01FD4-7B7D-4C28-AAE0-159FC17E5788}.Release|Any CPU.ActiveCfg = Release|Any CPU
		{06A01FD4-7B7D-4C28-AAE0-159FC17E5788}.Release|Any CPU.Build.0 = Release|Any CPU
		{8148A8BB-ABE0-4CA8-A5FE-11633DA99621}.Debug|Any CPU.ActiveCfg = Debug|Any CPU
		{8148A8BB-ABE0-4CA8-A5FE-11633DA99621}.Debug|Any CPU.Build.0 = Debug|Any CPU
		{8148A8BB-ABE0-4CA8-A5FE-11633DA99621}.Release|Any CPU.ActiveCfg = Release|Any CPU
		{8148A8BB-ABE0-4CA8-A5FE-11633DA99621}.Release|Any CPU.Build.0 = Release|Any CPU
		{604C930C-EE25-4A51-BD1C-6E3EF4E19930}.Debug|Any CPU.ActiveCfg = Debug|Any CPU
		{604C930C-EE25-4A51-BD1C-6E3EF4E19930}.Debug|Any CPU.Build.0 = Debug|Any CPU
		{604C930C-EE25-4A51-BD1C-6E3EF4E19930}.Release|Any CPU.ActiveCfg = Release|Any CPU
		{604C930C-EE25-4A51-BD1C-6E3EF4E19930}.Release|Any CPU.Build.0 = Release|Any CPU
		{6BD402D4-E8A1-47F8-A5E1-4E5816514DA5}.Debug|Any CPU.ActiveCfg = Debug|Any CPU
		{6BD402D4-E8A1-47F8-A5E1-4E5816514DA5}.Debug|Any CPU.Build.0 = Debug|Any CPU
		{6BD402D4-E8A1-47F8-A5E1-4E5816514DA5}.Release|Any CPU.ActiveCfg = Release|Any CPU
		{6BD402D4-E8A1-47F8-A5E1-4E5816514DA5}.Release|Any CPU.Build.0 = Release|Any CPU
	EndGlobalSection
	GlobalSection(SolutionProperties) = preSolution
		HideSolutionNode = FALSE
	EndGlobalSection
	GlobalSection(ExtensibilityGlobals) = postSolution
		SolutionGuid = {4197BB7F-A256-408C-8E44-B27F1F28EE14}
	EndGlobalSection
EndGlobal
